
Microsoft Visual Studio Solution File, Format Version 12.00
# Visual Studio 2013
VisualStudioVersion = 12.0.40629.0
MinimumVisualStudioVersion = 10.0.40219.1
Project("{FAE04EC0-301F-11D3-BF4B-00C04F79EFBC}") = "ZP.SOOM.CursosVirtuales.PL.UI.Admin", "ZP.SOOM.CursosVirtuales.PL.UI.Admin\ZP.SOOM.CursosVirtuales.PL.UI.Admin.csproj", "{0111142A-AF25-418A-A75A-670B49CD94E2}"
EndProject
Project("{FAE04EC0-301F-11D3-BF4B-00C04F79EFBC}") = "ZP.SOOM.CursosVirtuales.PL.UI.Client", "ZP.SOOM.CursosVirtuales.PL.UI.Client\ZP.SOOM.CursosVirtuales.PL.UI.Client.csproj", "{79A15760-7BA0-4D05-88F8-5A4F3B5A7447}"
EndProject
Project("{FAE04EC0-301F-11D3-BF4B-00C04F79EFBC}") = "ZP.SOOM.CursosVirtuales.DL.DM", "ZP.SOOM.CursosVirtuales.DL.DM\ZP.SOOM.CursosVirtuales.DL.DM.csproj", "{B5D837F9-5777-4BB4-9143-0D3A32351463}"
EndProject
Project("{FAE04EC0-301F-11D3-BF4B-00C04F79EFBC}") = "ZP.SOOM.CursosVirtuales.DL.DA", "ZP.SOOM.CursosVirtuales.DL.DA\ZP.SOOM.CursosVirtuales.DL.DA.csproj", "{56F6B0F4-2CB0-4B42-9C97-E3EFA4B8C17B}"
EndProject
Project("{FAE04EC0-301F-11D3-BF4B-00C04F79EFBC}") = "ZP.SOOM.CursosVirtuales.BL.BE", "ZP.SOOM.CursosVirtuales.BL.BE\ZP.SOOM.CursosVirtuales.BL.BE.csproj", "{2B203013-F7AE-429A-BC7D-320E33423C94}"
EndProject
Project("{FAE04EC0-301F-11D3-BF4B-00C04F79EFBC}") = "ZP.SOOM.CursosVirtuales.BL.BC", "ZP.SOOM.CursosVirtuales.BL.BC\ZP.SOOM.CursosVirtuales.BL.BC.csproj", "{4AF7F4A6-3E8E-42BD-AE8B-6F6E4F4A34F7}"
EndProject
Project("{FAE04EC0-301F-11D3-BF4B-00C04F79EFBC}") = "ZP.SOOM.CursosVirtuales.Util", "ZP.SOOM.CursosVirtuales.Util\ZP.SOOM.CursosVirtuales.Util.csproj", "{827E0E69-4B45-4E0F-80FC-DBD637C04F71}"
EndProject
Project("{FAE04EC0-301F-11D3-BF4B-00C04F79EFBC}") = "ZP.SOOM.CursosVirtuales.PL.UI.Batch", "ZP.SOOM.CursosVirtuales.PL.UI.Batch\ZP.SOOM.CursosVirtuales.PL.UI.Batch.csproj", "{D7209500-A839-47A6-B66D-FE14AB6B24F8}"
EndProject
Global
	GlobalSection(SolutionConfigurationPlatforms) = preSolution
		Debug|Any CPU = Debug|Any CPU
		Release|Any CPU = Release|Any CPU
	EndGlobalSection
	GlobalSection(ProjectConfigurationPlatforms) = postSolution
		{0111142A-AF25-418A-A75A-670B49CD94E2}.Debug|Any CPU.ActiveCfg = Debug|Any CPU
		{0111142A-AF25-418A-A75A-670B49CD94E2}.Debug|Any CPU.Build.0 = Debug|Any CPU
		{0111142A-AF25-418A-A75A-670B49CD94E2}.Release|Any CPU.ActiveCfg = Release|Any CPU
		{0111142A-AF25-418A-A75A-670B49CD94E2}.Release|Any CPU.Build.0 = Release|Any CPU
		{79A15760-7BA0-4D05-88F8-5A4F3B5A7447}.Debug|Any CPU.ActiveCfg = Debug|Any CPU
		{79A15760-7BA0-4D05-88F8-5A4F3B5A7447}.Debug|Any CPU.Build.0 = Debug|Any CPU
		{79A15760-7BA0-4D05-88F8-5A4F3B5A7447}.Release|Any CPU.ActiveCfg = Release|Any CPU
		{79A15760-7BA0-4D05-88F8-5A4F3B5A7447}.Release|Any CPU.Build.0 = Release|Any CPU
		{B5D837F9-5777-4BB4-9143-0D3A32351463}.Debug|Any CPU.ActiveCfg = Debug|Any CPU
		{B5D837F9-5777-4BB4-9143-0D3A32351463}.Debug|Any CPU.Build.0 = Debug|Any CPU
		{B5D837F9-5777-4BB4-9143-0D3A32351463}.Release|Any CPU.ActiveCfg = Release|Any CPU
		{B5D837F9-5777-4BB4-9143-0D3A32351463}.Release|Any CPU.Build.0 = Release|Any CPU
		{56F6B0F4-2CB0-4B42-9C97-E3EFA4B8C17B}.Debug|Any CPU.ActiveCfg = Debug|Any CPU
		{56F6B0F4-2CB0-4B42-9C97-E3EFA4B8C17B}.Debug|Any CPU.Build.0 = Debug|Any CPU
		{56F6B0F4-2CB0-4B42-9C97-E3EFA4B8C17B}.Release|Any CPU.ActiveCfg = Release|Any CPU
		{56F6B0F4-2CB0-4B42-9C97-E3EFA4B8C17B}.Release|Any CPU.Build.0 = Release|Any CPU
		{2B203013-F7AE-429A-BC7D-320E33423C94}.Debug|Any CPU.ActiveCfg = Debug|Any CPU
		{2B203013-F7AE-429A-BC7D-320E33423C94}.Debug|Any CPU.Build.0 = Debug|Any CPU
		{2B203013-F7AE-429A-BC7D-320E33423C94}.Release|Any CPU.ActiveCfg = Release|Any CPU
		{2B203013-F7AE-429A-BC7D-320E33423C94}.Release|Any CPU.Build.0 = Release|Any CPU
		{4AF7F4A6-3E8E-42BD-AE8B-6F6E4F4A34F7}.Debug|Any CPU.ActiveCfg = Debug|Any CPU
		{4AF7F4A6-3E8E-42BD-AE8B-6F6E4F4A34F7}.Debug|Any CPU.Build.0 = Debug|Any CPU
		{4AF7F4A6-3E8E-42BD-AE8B-6F6E4F4A34F7}.Release|Any CPU.ActiveCfg = Release|Any CPU
		{4AF7F4A6-3E8E-42BD-AE8B-6F6E4F4A34F7}.Release|Any CPU.Build.0 = Release|Any CPU
		{827E0E69-4B45-4E0F-80FC-DBD637C04F71}.Debug|Any CPU.ActiveCfg = Debug|Any CPU
		{827E0E69-4B45-4E0F-80FC-DBD637C04F71}.Debug|Any CPU.Build.0 = Debug|Any CPU
		{827E0E69-4B45-4E0F-80FC-DBD637C04F71}.Release|Any CPU.ActiveCfg = Release|Any CPU
		{827E0E69-4B45-4E0F-80FC-DBD637C04F71}.Release|Any CPU.Build.0 = Release|Any CPU
		{D7209500-A839-47A6-B66D-FE14AB6B24F8}.Debug|Any CPU.ActiveCfg = Debug|Any CPU
		{D7209500-A839-47A6-B66D-FE14AB6B24F8}.Debug|Any CPU.Build.0 = Debug|Any CPU
		{D7209500-A839-47A6-B66D-FE14AB6B24F8}.Release|Any CPU.ActiveCfg = Release|Any CPU
		{D7209500-A839-47A6-B66D-FE14AB6B24F8}.Release|Any CPU.Build.0 = Release|Any CPU
	EndGlobalSection
	GlobalSection(SolutionProperties) = preSolution
		HideSolutionNode = FALSE
	EndGlobalSection
EndGlobal
